// !$*UTF8*$!
{
	archiveVersion = 1;
	classes = {
	};
	objectVersion = 46;
	objects = {

/* Begin PBXBuildFile section */
		582E99A41EB834F900F07587 /* Define-Custom-Input-Source.m in Sources */ = {isa = PBXBuildFile; fileRef = 582E99A31EB834F900F07587 /* Define-Custom-Input-Source.m */; };
		582E99AD1EB8368000F07587 /* ThreadManager.m in Sources */ = {isa = PBXBuildFile; fileRef = 582E99AC1EB8368000F07587 /* ThreadManager.m */; };
		582E99B61EB8646600F07587 /* Configuring-an-NSMachPort-Object.m in Sources */ = {isa = PBXBuildFile; fileRef = 582E99B51EB8646600F07587 /* Configuring-an-NSMachPort-Object.m */; };
		582E99BC1EB866A600F07587 /* DMLApplication.m in Sources */ = {isa = PBXBuildFile; fileRef = 582E99BB1EB866A600F07587 /* DMLApplication.m */; };
		582E99BF1EB867B500F07587 /* MyWorkerClass.m in Sources */ = {isa = PBXBuildFile; fileRef = 582E99BE1EB867B500F07587 /* MyWorkerClass.m */; };
		582E99C21EB86BA200F07587 /* Constants.m in Sources */ = {isa = PBXBuildFile; fileRef = 582E99C11EB86BA200F07587 /* Constants.m */; };
		586119371F42E4E200F03CBE /* main.m in Sources */ = {isa = PBXBuildFile; fileRef = 586119361F42E4E200F03CBE /* main.m */; };
		5861193A1F42E4E200F03CBE /* AppDelegate.m in Sources */ = {isa = PBXBuildFile; fileRef = 586119391F42E4E200F03CBE /* AppDelegate.m */; };
		5861193D1F42E4E200F03CBE /* ViewController.m in Sources */ = {isa = PBXBuildFile; fileRef = 5861193C1F42E4E200F03CBE /* ViewController.m */; };
		586119401F42E4E200F03CBE /* Main.storyboard in Resources */ = {isa = PBXBuildFile; fileRef = 5861193E1F42E4E200F03CBE /* Main.storyboard */; };
		586119421F42E4E200F03CBE /* Assets.xcassets in Resources */ = {isa = PBXBuildFile; fileRef = 586119411F42E4E200F03CBE /* Assets.xcassets */; };
		586119451F42E4E200F03CBE /* LaunchScreen.storyboard in Resources */ = {isa = PBXBuildFile; fileRef = 586119431F42E4E200F03CBE /* LaunchScreen.storyboard */; };
		586119521F42E4F200F03CBE /* main.m in Sources */ = {isa = PBXBuildFile; fileRef = 586119511F42E4F200F03CBE /* main.m */; };
		586119551F42E4F200F03CBE /* AppDelegate.m in Sources */ = {isa = PBXBuildFile; fileRef = 586119541F42E4F200F03CBE /* AppDelegate.m */; };
		586119581F42E4F200F03CBE /* ViewController.m in Sources */ = {isa = PBXBuildFile; fileRef = 586119571F42E4F200F03CBE /* ViewController.m */; };
		5861195B1F42E4F200F03CBE /* Main.storyboard in Resources */ = {isa = PBXBuildFile; fileRef = 586119591F42E4F200F03CBE /* Main.storyboard */; };
		5861195D1F42E4F200F03CBE /* Assets.xcassets in Resources */ = {isa = PBXBuildFile; fileRef = 5861195C1F42E4F200F03CBE /* Assets.xcassets */; };
		586119601F42E4F200F03CBE /* LaunchScreen.storyboard in Resources */ = {isa = PBXBuildFile; fileRef = 5861195E1F42E4F200F03CBE /* LaunchScreen.storyboard */; };
		586119671F42E5D400F03CBE /* RunLoopSource.m in Sources */ = {isa = PBXBuildFile; fileRef = 586119661F42E5D400F03CBE /* RunLoopSource.m */; };
		5861196A1F42F07F00F03CBE /* RunLoopObserverCallBack.m in Sources */ = {isa = PBXBuildFile; fileRef = 586119691F42F07F00F03CBE /* RunLoopObserverCallBack.m */; };
		5861196B1F42F07F00F03CBE /* RunLoopObserverCallBack.m in Sources */ = {isa = PBXBuildFile; fileRef = 586119691F42F07F00F03CBE /* RunLoopObserverCallBack.m */; };
/* End PBXBuildFile section */

/* Begin PBXCopyFilesBuildPhase section */
		582E999E1EB834F900F07587 /* CopyFiles */ = {
			isa = PBXCopyFilesBuildPhase;
			buildActionMask = 2147483647;
			dstPath = /usr/share/man/man1/;
			dstSubfolderSpec = 0;
			files = (
			);
			runOnlyForDeploymentPostprocessing = 1;
		};
		582E99B11EB8646500F07587 /* CopyFiles */ = {
			isa = PBXCopyFilesBuildPhase;
			buildActionMask = 2147483647;
			dstPath = /usr/share/man/man1/;
			dstSubfolderSpec = 0;
			files = (
			);
			runOnlyForDeploymentPostprocessing = 1;
		};
/* End PBXCopyFilesBuildPhase section */

/* Begin PBXFileReference section */
		582E99A01EB834F900F07587 /* Define-Custom-Input-Source */ = {isa = PBXFileReference; explicitFileType = "compiled.mach-o.executable"; includeInIndex = 0; path = "Define-Custom-Input-Source"; sourceTree = BUILT_PRODUCTS_DIR; };
		582E99A31EB834F900F07587 /* Define-Custom-Input-Source.m */ = {isa = PBXFileReference; lastKnownFileType = sourcecode.c.objc; path = "Define-Custom-Input-Source.m"; sourceTree = "<group>"; };
		582E99AB1EB8368000F07587 /* ThreadManager.h */ = {isa = PBXFileReference; fileEncoding = 4; lastKnownFileType = sourcecode.c.h; path = ThreadManager.h; sourceTree = "<group>"; };
		582E99AC1EB8368000F07587 /* ThreadManager.m */ = {isa = PBXFileReference; fileEncoding = 4; lastKnownFileType = sourcecode.c.objc; path = ThreadManager.m; sourceTree = "<group>"; };
		582E99B31EB8646500F07587 /* Configuring-an-NSMachPort-Object */ = {isa = PBXFileReference; explicitFileType = "compiled.mach-o.executable"; includeInIndex = 0; path = "Configuring-an-NSMachPort-Object"; sourceTree = BUILT_PRODUCTS_DIR; };
		582E99B51EB8646600F07587 /* Configuring-an-NSMachPort-Object.m */ = {isa = PBXFileReference; lastKnownFileType = sourcecode.c.objc; path = "Configuring-an-NSMachPort-Object.m"; sourceTree = "<group>"; };
		582E99BA1EB866A600F07587 /* DMLApplication.h */ = {isa = PBXFileReference; fileEncoding = 4; lastKnownFileType = sourcecode.c.h; path = DMLApplication.h; sourceTree = "<group>"; };
		582E99BB1EB866A600F07587 /* DMLApplication.m */ = {isa = PBXFileReference; fileEncoding = 4; lastKnownFileType = sourcecode.c.objc; path = DMLApplication.m; sourceTree = "<group>"; };
		582E99BD1EB867B500F07587 /* MyWorkerClass.h */ = {isa = PBXFileReference; fileEncoding = 4; lastKnownFileType = sourcecode.c.h; path = MyWorkerClass.h; sourceTree = "<group>"; };
		582E99BE1EB867B500F07587 /* MyWorkerClass.m */ = {isa = PBXFileReference; fileEncoding = 4; lastKnownFileType = sourcecode.c.objc; path = MyWorkerClass.m; sourceTree = "<group>"; };
		582E99C01EB86BA200F07587 /* Constants.h */ = {isa = PBXFileReference; fileEncoding = 4; lastKnownFileType = sourcecode.c.h; path = Constants.h; sourceTree = "<group>"; };
		582E99C11EB86BA200F07587 /* Constants.m */ = {isa = PBXFileReference; fileEncoding = 4; lastKnownFileType = sourcecode.c.objc; path = Constants.m; sourceTree = "<group>"; };
		586119331F42E4E200F03CBE /* RunLoopObserver.app */ = {isa = PBXFileReference; explicitFileType = wrapper.application; includeInIndex = 0; path = RunLoopObserver.app; sourceTree = BUILT_PRODUCTS_DIR; };
		586119361F42E4E200F03CBE /* main.m */ = {isa = PBXFileReference; lastKnownFileType = sourcecode.c.objc; path = main.m; sourceTree = "<group>"; };
		586119381F42E4E200F03CBE /* AppDelegate.h */ = {isa = PBXFileReference; lastKnownFileType = sourcecode.c.h; path = AppDelegate.h; sourceTree = "<group>"; };
		586119391F42E4E200F03CBE /* AppDelegate.m */ = {isa = PBXFileReference; lastKnownFileType = sourcecode.c.objc; path = AppDelegate.m; sourceTree = "<group>"; };
		5861193B1F42E4E200F03CBE /* ViewController.h */ = {isa = PBXFileReference; lastKnownFileType = sourcecode.c.h; path = ViewController.h; sourceTree = "<group>"; };
		5861193C1F42E4E200F03CBE /* ViewController.m */ = {isa = PBXFileReference; lastKnownFileType = sourcecode.c.objc; path = ViewController.m; sourceTree = "<group>"; };
		5861193F1F42E4E200F03CBE /* Base */ = {isa = PBXFileReference; lastKnownFileType = file.storyboard; name = Base; path = Base.lproj/Main.storyboard; sourceTree = "<group>"; };
		586119411F42E4E200F03CBE /* Assets.xcassets */ = {isa = PBXFileReference; lastKnownFileType = folder.assetcatalog; path = Assets.xcassets; sourceTree = "<group>"; };
		586119441F42E4E200F03CBE /* Base */ = {isa = PBXFileReference; lastKnownFileType = file.storyboard; name = Base; path = Base.lproj/LaunchScreen.storyboard; sourceTree = "<group>"; };
		586119461F42E4E200F03CBE /* Info.plist */ = {isa = PBXFileReference; lastKnownFileType = text.plist.xml; path = Info.plist; sourceTree = "<group>"; };
		5861194E1F42E4F200F03CBE /* CustomInputSource.app */ = {isa = PBXFileReference; explicitFileType = wrapper.application; includeInIndex = 0; path = CustomInputSource.app; sourceTree = BUILT_PRODUCTS_DIR; };
		586119511F42E4F200F03CBE /* main.m */ = {isa = PBXFileReference; lastKnownFileType = sourcecode.c.objc; path = main.m; sourceTree = "<group>"; };
		586119531F42E4F200F03CBE /* AppDelegate.h */ = {isa = PBXFileReference; lastKnownFileType = sourcecode.c.h; path = AppDelegate.h; sourceTree = "<group>"; };
		586119541F42E4F200F03CBE /* AppDelegate.m */ = {isa = PBXFileReference; lastKnownFileType = sourcecode.c.objc; path = AppDelegate.m; sourceTree = "<group>"; };
		586119561F42E4F200F03CBE /* ViewController.h */ = {isa = PBXFileReference; lastKnownFileType = sourcecode.c.h; path = ViewController.h; sourceTree = "<group>"; };
		586119571F42E4F200F03CBE /* ViewController.m */ = {isa = PBXFileReference; lastKnownFileType = sourcecode.c.objc; path = ViewController.m; sourceTree = "<group>"; };
		5861195A1F42E4F200F03CBE /* Base */ = {isa = PBXFileReference; lastKnownFileType = file.storyboard; name = Base; path = Base.lproj/Main.storyboard; sourceTree = "<group>"; };
		5861195C1F42E4F200F03CBE /* Assets.xcassets */ = {isa = PBXFileReference; lastKnownFileType = folder.assetcatalog; path = Assets.xcassets; sourceTree = "<group>"; };
		5861195F1F42E4F200F03CBE /* Base */ = {isa = PBXFileReference; lastKnownFileType = file.storyboard; name = Base; path = Base.lproj/LaunchScreen.storyboard; sourceTree = "<group>"; };
		586119611F42E4F200F03CBE /* Info.plist */ = {isa = PBXFileReference; lastKnownFileType = text.plist.xml; path = Info.plist; sourceTree = "<group>"; };
		586119651F42E5D400F03CBE /* RunLoopSource.h */ = {isa = PBXFileReference; fileEncoding = 4; lastKnownFileType = sourcecode.c.h; path = RunLoopSource.h; sourceTree = "<group>"; };
		586119661F42E5D400F03CBE /* RunLoopSource.m */ = {isa = PBXFileReference; fileEncoding = 4; lastKnownFileType = sourcecode.c.objc; path = RunLoopSource.m; sourceTree = "<group>"; };
		586119681F42F05F00F03CBE /* RunLoopObserverCallBack.h */ = {isa = PBXFileReference; lastKnownFileType = sourcecode.c.h; path = RunLoopObserverCallBack.h; sourceTree = "<group>"; };
		586119691F42F07F00F03CBE /* RunLoopObserverCallBack.m */ = {isa = PBXFileReference; fileEncoding = 4; lastKnownFileType = sourcecode.c.objc; path = RunLoopObserverCallBack.m; sourceTree = "<group>"; };
/* End PBXFileReference section */

/* Begin PBXFrameworksBuildPhase section */
		582E999D1EB834F900F07587 /* Frameworks */ = {
			isa = PBXFrameworksBuildPhase;
			buildActionMask = 2147483647;
			files = (
			);
			runOnlyForDeploymentPostprocessing = 0;
		};
		582E99B01EB8646500F07587 /* Frameworks */ = {
			isa = PBXFrameworksBuildPhase;
			buildActionMask = 2147483647;
			files = (
			);
			runOnlyForDeploymentPostprocessing = 0;
		};
		586119301F42E4E200F03CBE /* Frameworks */ = {
			isa = PBXFrameworksBuildPhase;
			buildActionMask = 2147483647;
			files = (
			);
			runOnlyForDeploymentPostprocessing = 0;
		};
		5861194B1F42E4F200F03CBE /* Frameworks */ = {
			isa = PBXFrameworksBuildPhase;
			buildActionMask = 2147483647;
			files = (
			);
			runOnlyForDeploymentPostprocessing = 0;
		};
/* End PBXFrameworksBuildPhase section */

/* Begin PBXGroup section */
		582E99971EB834F700F07587 = {
			isa = PBXGroup;
			children = (
				582E99AA1EB8362500F07587 /* Define-Custom-Input-Source */,
				582E99B41EB8646500F07587 /* Configuring-an-NSMachPort-Object */,
				586119341F42E4E200F03CBE /* RunLoopObserver */,
				5861194F1F42E4F200F03CBE /* CustomInputSource */,
				582E99A11EB834F900F07587 /* Products */,
			);
			sourceTree = "<group>";
		};
		582E99A11EB834F900F07587 /* Products */ = {
			isa = PBXGroup;
			children = (
				582E99A01EB834F900F07587 /* Define-Custom-Input-Source */,
				582E99B31EB8646500F07587 /* Configuring-an-NSMachPort-Object */,
				586119331F42E4E200F03CBE /* RunLoopObserver.app */,
				5861194E1F42E4F200F03CBE /* CustomInputSource.app */,
			);
			name = Products;
			sourceTree = "<group>";
		};
		582E99AA1EB8362500F07587 /* Define-Custom-Input-Source */ = {
			isa = PBXGroup;
			children = (
				582E99A31EB834F900F07587 /* Define-Custom-Input-Source.m */,
				582E99AB1EB8368000F07587 /* ThreadManager.h */,
				582E99AC1EB8368000F07587 /* ThreadManager.m */,
			);
			name = "Define-Custom-Input-Source";
			path = Thread_Samples;
			sourceTree = "<group>";
		};
		582E99B41EB8646500F07587 /* Configuring-an-NSMachPort-Object */ = {
			isa = PBXGroup;
			children = (
				582E99B51EB8646600F07587 /* Configuring-an-NSMachPort-Object.m */,
				582E99BA1EB866A600F07587 /* DMLApplication.h */,
				582E99BB1EB866A600F07587 /* DMLApplication.m */,
				582E99BD1EB867B500F07587 /* MyWorkerClass.h */,
				582E99BE1EB867B500F07587 /* MyWorkerClass.m */,
				582E99C01EB86BA200F07587 /* Constants.h */,
				582E99C11EB86BA200F07587 /* Constants.m */,
			);
			path = "Configuring-an-NSMachPort-Object";
			sourceTree = "<group>";
		};
		586119341F42E4E200F03CBE /* RunLoopObserver */ = {
			isa = PBXGroup;
			children = (
				586119381F42E4E200F03CBE /* AppDelegate.h */,
				586119391F42E4E200F03CBE /* AppDelegate.m */,
				5861193B1F42E4E200F03CBE /* ViewController.h */,
				5861193C1F42E4E200F03CBE /* ViewController.m */,
				586119681F42F05F00F03CBE /* RunLoopObserverCallBack.h */,
				586119691F42F07F00F03CBE /* RunLoopObserverCallBack.m */,
				5861193E1F42E4E200F03CBE /* Main.storyboard */,
				586119411F42E4E200F03CBE /* Assets.xcassets */,
				586119431F42E4E200F03CBE /* LaunchScreen.storyboard */,
				586119461F42E4E200F03CBE /* Info.plist */,
				586119351F42E4E200F03CBE /* Supporting Files */,
			);
			path = RunLoopObserver;
			sourceTree = "<group>";
		};
		586119351F42E4E200F03CBE /* Supporting Files */ = {
			isa = PBXGroup;
			children = (
				586119361F42E4E200F03CBE /* main.m */,
			);
			name = "Supporting Files";
			sourceTree = "<group>";
		};
		5861194F1F42E4F200F03CBE /* CustomInputSource */ = {
			isa = PBXGroup;
			children = (
				586119651F42E5D400F03CBE /* RunLoopSource.h */,
				586119661F42E5D400F03CBE /* RunLoopSource.m */,
				586119531F42E4F200F03CBE /* AppDelegate.h */,
				586119541F42E4F200F03CBE /* AppDelegate.m */,
				586119561F42E4F200F03CBE /* ViewController.h */,
				586119571F42E4F200F03CBE /* ViewController.m */,
				586119591F42E4F200F03CBE /* Main.storyboard */,
				5861195C1F42E4F200F03CBE /* Assets.xcassets */,
				5861195E1F42E4F200F03CBE /* LaunchScreen.storyboard */,
				586119611F42E4F200F03CBE /* Info.plist */,
				586119501F42E4F200F03CBE /* Supporting Files */,
			);
			path = CustomInputSource;
			sourceTree = "<group>";
		};
		586119501F42E4F200F03CBE /* Supporting Files */ = {
			isa = PBXGroup;
			children = (
				586119511F42E4F200F03CBE /* main.m */,
			);
			name = "Supporting Files";
			sourceTree = "<group>";
		};
/* End PBXGroup section */

/* Begin PBXNativeTarget section */
		582E999F1EB834F900F07587 /* Define-Custom-Input-Source */ = {
			isa = PBXNativeTarget;
			buildConfigurationList = 582E99A71EB834F900F07587 /* Build configuration list for PBXNativeTarget "Define-Custom-Input-Source" */;
			buildPhases = (
				582E999C1EB834F900F07587 /* Sources */,
				582E999D1EB834F900F07587 /* Frameworks */,
				582E999E1EB834F900F07587 /* CopyFiles */,
			);
			buildRules = (
			);
			dependencies = (
			);
			name = "Define-Custom-Input-Source";
			productName = Thread_Samples;
			productReference = 582E99A01EB834F900F07587 /* Define-Custom-Input-Source */;
			productType = "com.apple.product-type.tool";
		};
		582E99B21EB8646500F07587 /* Configuring-an-NSMachPort-Object */ = {
			isa = PBXNativeTarget;
			buildConfigurationList = 582E99B71EB8646600F07587 /* Build configuration list for PBXNativeTarget "Configuring-an-NSMachPort-Object" */;
			buildPhases = (
				582E99AF1EB8646500F07587 /* Sources */,
				582E99B01EB8646500F07587 /* Frameworks */,
				582E99B11EB8646500F07587 /* CopyFiles */,
			);
			buildRules = (
			);
			dependencies = (
			);
			name = "Configuring-an-NSMachPort-Object";
			productName = "Configuring-an-NSMachPort-Object";
			productReference = 582E99B31EB8646500F07587 /* Configuring-an-NSMachPort-Object */;
			productType = "com.apple.product-type.tool";
		};
		586119321F42E4E200F03CBE /* RunLoopObserver */ = {
			isa = PBXNativeTarget;
			buildConfigurationList = 586119471F42E4E200F03CBE /* Build configuration list for PBXNativeTarget "RunLoopObserver" */;
			buildPhases = (
				5861192F1F42E4E200F03CBE /* Sources */,
				586119301F42E4E200F03CBE /* Frameworks */,
				586119311F42E4E200F03CBE /* Resources */,
			);
			buildRules = (
			);
			dependencies = (
			);
			name = RunLoopObserver;
			productName = RunLoopObserver;
			productReference = 586119331F42E4E200F03CBE /* RunLoopObserver.app */;
			productType = "com.apple.product-type.application";
		};
		5861194D1F42E4F200F03CBE /* CustomInputSource */ = {
			isa = PBXNativeTarget;
			buildConfigurationList = 586119621F42E4F200F03CBE /* Build configuration list for PBXNativeTarget "CustomInputSource" */;
			buildPhases = (
				5861194A1F42E4F200F03CBE /* Sources */,
				5861194B1F42E4F200F03CBE /* Frameworks */,
				5861194C1F42E4F200F03CBE /* Resources */,
			);
			buildRules = (
			);
			dependencies = (
			);
			name = CustomInputSource;
			productName = CustomInputSource;
			productReference = 5861194E1F42E4F200F03CBE /* CustomInputSource.app */;
			productType = "com.apple.product-type.application";
		};
/* End PBXNativeTarget section */

/* Begin PBXProject section */
		582E99981EB834F800F07587 /* Project object */ = {
			isa = PBXProject;
			attributes = {
				LastUpgradeCheck = 0830;
				ORGANIZATIONNAME = "Meiliang Dong";
				TargetAttributes = {
					582E999F1EB834F900F07587 = {
						CreatedOnToolsVersion = 8.3.2;
						DevelopmentTeam = 98WR9248J9;
						ProvisioningStyle = Automatic;
					};
					582E99B21EB8646500F07587 = {
						CreatedOnToolsVersion = 8.3.2;
						DevelopmentTeam = 98WR9248J9;
						ProvisioningStyle = Automatic;
					};
					586119321F42E4E200F03CBE = {
						CreatedOnToolsVersion = 8.3.3;
						ProvisioningStyle = Automatic;
					};
					5861194D1F42E4F200F03CBE = {
						CreatedOnToolsVersion = 8.3.3;
						ProvisioningStyle = Automatic;
					};
				};
			};
			buildConfigurationList = 582E999B1EB834F900F07587 /* Build configuration list for PBXProject "Thread_Samples" */;
			compatibilityVersion = "Xcode 3.2";
			developmentRegion = English;
			hasScannedForEncodings = 0;
			knownRegions = (
				en,
				Base,
			);
			mainGroup = 582E99971EB834F700F07587;
			productRefGroup = 582E99A11EB834F900F07587 /* Products */;
			projectDirPath = "";
			projectRoot = "";
			targets = (
				582E999F1EB834F900F07587 /* Define-Custom-Input-Source */,
				582E99B21EB8646500F07587 /* Configuring-an-NSMachPort-Object */,
				586119321F42E4E200F03CBE /* RunLoopObserver */,
				5861194D1F42E4F200F03CBE /* CustomInputSource */,
			);
		};
/* End PBXProject section */

/* Begin PBXResourcesBuildPhase section */
		586119311F42E4E200F03CBE /* Resources */ = {
			isa = PBXResourcesBuildPhase;
			buildActionMask = 2147483647;
			files = (
				586119451F42E4E200F03CBE /* LaunchScreen.storyboard in Resources */,
				586119421F42E4E200F03CBE /* Assets.xcassets in Resources */,
				586119401F42E4E200F03CBE /* Main.storyboard in Resources */,
			);
			runOnlyForDeploymentPostprocessing = 0;
		};
		5861194C1F42E4F200F03CBE /* Resources */ = {
			isa = PBXResourcesBuildPhase;
			buildActionMask = 2147483647;
			files = (
				586119601F42E4F200F03CBE /* LaunchScreen.storyboard in Resources */,
				5861195D1F42E4F200F03CBE /* Assets.xcassets in Resources */,
				5861195B1F42E4F200F03CBE /* Main.storyboard in Resources */,
			);
			runOnlyForDeploymentPostprocessing = 0;
		};
/* End PBXResourcesBuildPhase section */

/* Begin PBXSourcesBuildPhase section */
		582E999C1EB834F900F07587 /* Sources */ = {
			isa = PBXSourcesBuildPhase;
			buildActionMask = 2147483647;
			files = (
				582E99A41EB834F900F07587 /* Define-Custom-Input-Source.m in Sources */,
				582E99AD1EB8368000F07587 /* ThreadManager.m in Sources */,
			);
			runOnlyForDeploymentPostprocessing = 0;
		};
		582E99AF1EB8646500F07587 /* Sources */ = {
			isa = PBXSourcesBuildPhase;
			buildActionMask = 2147483647;
			files = (
				582E99BC1EB866A600F07587 /* DMLApplication.m in Sources */,
				582E99BF1EB867B500F07587 /* MyWorkerClass.m in Sources */,
				582E99B61EB8646600F07587 /* Configuring-an-NSMachPort-Object.m in Sources */,
				582E99C21EB86BA200F07587 /* Constants.m in Sources */,
			);
			runOnlyForDeploymentPostprocessing = 0;
		};
		5861192F1F42E4E200F03CBE /* Sources */ = {
			isa = PBXSourcesBuildPhase;
			buildActionMask = 2147483647;
			files = (
				5861193D1F42E4E200F03CBE /* ViewController.m in Sources */,
				5861193A1F42E4E200F03CBE /* AppDelegate.m in Sources */,
				5861196A1F42F07F00F03CBE /* RunLoopObserverCallBack.m in Sources */,
				586119371F42E4E200F03CBE /* main.m in Sources */,
			);
			runOnlyForDeploymentPostprocessing = 0;
		};
		5861194A1F42E4F200F03CBE /* Sources */ = {
			isa = PBXSourcesBuildPhase;
			buildActionMask = 2147483647;
			files = (
				586119581F42E4F200F03CBE /* ViewController.m in Sources */,
				586119551F42E4F200F03CBE /* AppDelegate.m in Sources */,
				586119671F42E5D400F03CBE /* RunLoopSource.m in Sources */,
				5861196B1F42F07F00F03CBE /* RunLoopObserverCallBack.m in Sources */,
				586119521F42E4F200F03CBE /* main.m in Sources */,
			);
			runOnlyForDeploymentPostprocessing = 0;
		};
/* End PBXSourcesBuildPhase section */

/* Begin PBXVariantGroup section */
		5861193E1F42E4E200F03CBE /* Main.storyboard */ = {
			isa = PBXVariantGroup;
			children = (
				5861193F1F42E4E200F03CBE /* Base */,
			);
			name = Main.storyboard;
			sourceTree = "<group>";
		};
		586119431F42E4E200F03CBE /* LaunchScreen.storyboard */ = {
			isa = PBXVariantGroup;
			children = (
				586119441F42E4E200F03CBE /* Base */,
			);
			name = LaunchScreen.storyboard;
			sourceTree = "<group>";
		};
		586119591F42E4F200F03CBE /* Main.storyboard */ = {
			isa = PBXVariantGroup;
			children = (
				5861195A1F42E4F200F03CBE /* Base */,
			);
			name = Main.storyboard;
			sourceTree = "<group>";
		};
		5861195E1F42E4F200F03CBE /* LaunchScreen.storyboard */ = {
			isa = PBXVariantGroup;
			children = (
				5861195F1F42E4F200F03CBE /* Base */,
			);
			name = LaunchScreen.storyboard;
			sourceTree = "<group>";
		};
/* End PBXVariantGroup section */

/* Begin XCBuildConfiguration section */
		582E99A51EB834F900F07587 /* Debug */ = {
			isa = XCBuildConfiguration;
			buildSettings = {
				ALWAYS_SEARCH_USER_PATHS = NO;
				CLANG_ANALYZER_NONNULL = YES;
				CLANG_ANALYZER_NUMBER_OBJECT_CONVERSION = YES_AGGRESSIVE;
				CLANG_CXX_LANGUAGE_STANDARD = "gnu++0x";
				CLANG_CXX_LIBRARY = "libc++";
				CLANG_ENABLE_MODULES = YES;
				CLANG_ENABLE_OBJC_ARC = YES;
				CLANG_WARN_BOOL_CONVERSION = YES;
				CLANG_WARN_CONSTANT_CONVERSION = YES;
				CLANG_WARN_DIRECT_OBJC_ISA_USAGE = YES_ERROR;
				CLANG_WARN_DOCUMENTATION_COMMENTS = YES;
				CLANG_WARN_EMPTY_BODY = YES;
				CLANG_WARN_ENUM_CONVERSION = YES;
				CLANG_WARN_INFINITE_RECURSION = YES;
				CLANG_WARN_INT_CONVERSION = YES;
				CLANG_WARN_OBJC_ROOT_CLASS = YES_ERROR;
				CLANG_WARN_SUSPICIOUS_MOVE = YES;
				CLANG_WARN_UNREACHABLE_CODE = YES;
				CLANG_WARN__DUPLICATE_METHOD_MATCH = YES;
				CODE_SIGN_IDENTITY = "-";
				COPY_PHASE_STRIP = NO;
				DEBUG_INFORMATION_FORMAT = dwarf;
				ENABLE_STRICT_OBJC_MSGSEND = YES;
				ENABLE_TESTABILITY = YES;
				GCC_C_LANGUAGE_STANDARD = gnu99;
				GCC_DYNAMIC_NO_PIC = NO;
				GCC_NO_COMMON_BLOCKS = YES;
				GCC_OPTIMIZATION_LEVEL = 0;
				GCC_PREPROCESSOR_DEFINITIONS = (
					"DEBUG=1",
					"$(inherited)",
				);
				GCC_WARN_64_TO_32_BIT_CONVERSION = YES;
				GCC_WARN_ABOUT_RETURN_TYPE = YES_ERROR;
				GCC_WARN_UNDECLARED_SELECTOR = YES;
				GCC_WARN_UNINITIALIZED_AUTOS = YES_AGGRESSIVE;
				GCC_WARN_UNUSED_FUNCTION = YES;
				GCC_WARN_UNUSED_VARIABLE = YES;
				MACOSX_DEPLOYMENT_TARGET = 10.12;
				MTL_ENABLE_DEBUG_INFO = YES;
				ONLY_ACTIVE_ARCH = YES;
				SDKROOT = macosx;
			};
			name = Debug;
		};
		582E99A61EB834F900F07587 /* Release */ = {
			isa = XCBuildConfiguration;
			buildSettings = {
				ALWAYS_SEARCH_USER_PATHS = NO;
				CLANG_ANALYZER_NONNULL = YES;
				CLANG_ANALYZER_NUMBER_OBJECT_CONVERSION = YES_AGGRESSIVE;
				CLANG_CXX_LANGUAGE_STANDARD = "gnu++0x";
				CLANG_CXX_LIBRARY = "libc++";
				CLANG_ENABLE_MODULES = YES;
				CLANG_ENABLE_OBJC_ARC = YES;
				CLANG_WARN_BOOL_CONVERSION = YES;
				CLANG_WARN_CONSTANT_CONVERSION = YES;
				CLANG_WARN_DIRECT_OBJC_ISA_USAGE = YES_ERROR;
				CLANG_WARN_DOCUMENTATION_COMMENTS = YES;
				CLANG_WARN_EMPTY_BODY = YES;
				CLANG_WARN_ENUM_CONVERSION = YES;
				CLANG_WARN_INFINITE_RECURSION = YES;
				CLANG_WARN_INT_CONVERSION = YES;
				CLANG_WARN_OBJC_ROOT_CLASS = YES_ERROR;
				CLANG_WARN_SUSPICIOUS_MOVE = YES;
				CLANG_WARN_UNREACHABLE_CODE = YES;
				CLANG_WARN__DUPLICATE_METHOD_MATCH = YES;
				CODE_SIGN_IDENTITY = "-";
				COPY_PHASE_STRIP = NO;
				DEBUG_INFORMATION_FORMAT = "dwarf-with-dsym";
				ENABLE_NS_ASSERTIONS = NO;
				ENABLE_STRICT_OBJC_MSGSEND = YES;
				GCC_C_LANGUAGE_STANDARD = gnu99;
				GCC_NO_COMMON_BLOCKS = YES;
				GCC_WARN_64_TO_32_BIT_CONVERSION = YES;
				GCC_WARN_ABOUT_RETURN_TYPE = YES_ERROR;
				GCC_WARN_UNDECLARED_SELECTOR = YES;
				GCC_WARN_UNINITIALIZED_AUTOS = YES_AGGRESSIVE;
				GCC_WARN_UNUSED_FUNCTION = YES;
				GCC_WARN_UNUSED_VARIABLE = YES;
				MACOSX_DEPLOYMENT_TARGET = 10.12;
				MTL_ENABLE_DEBUG_INFO = NO;
				SDKROOT = macosx;
			};
			name = Release;
		};
		582E99A81EB834F900F07587 /* Debug */ = {
			isa = XCBuildConfiguration;
			buildSettings = {
				DEVELOPMENT_TEAM = 98WR9248J9;
				PRODUCT_NAME = "$(TARGET_NAME)";
			};
			name = Debug;
		};
		582E99A91EB834F900F07587 /* Release */ = {
			isa = XCBuildConfiguration;
			buildSettings = {
				DEVELOPMENT_TEAM = 98WR9248J9;
				PRODUCT_NAME = "$(TARGET_NAME)";
			};
			name = Release;
		};
		582E99B81EB8646600F07587 /* Debug */ = {
			isa = XCBuildConfiguration;
			buildSettings = {
				DEVELOPMENT_TEAM = 98WR9248J9;
				PRODUCT_NAME = "$(TARGET_NAME)";
			};
			name = Debug;
		};
		582E99B91EB8646600F07587 /* Release */ = {
			isa = XCBuildConfiguration;
			buildSettings = {
				DEVELOPMENT_TEAM = 98WR9248J9;
				PRODUCT_NAME = "$(TARGET_NAME)";
			};
			name = Release;
		};
		586119481F42E4E200F03CBE /* Debug */ = {
			isa = XCBuildConfiguration;
			buildSettings = {
				ASSETCATALOG_COMPILER_APPICON_NAME = AppIcon;
				"CODE_SIGN_IDENTITY[sdk=iphoneos*]" = "iPhone Developer";
				INFOPLIST_FILE = RunLoopObserver/Info.plist;
				IPHONEOS_DEPLOYMENT_TARGET = 10.3;
				LD_RUNPATH_SEARCH_PATHS = "$(inherited) @executable_path/Frameworks";
				PRODUCT_BUNDLE_IDENTIFIER = com.tenneshop.RunLoopObserver;
				PRODUCT_NAME = "$(TARGET_NAME)";
				SDKROOT = iphoneos;
			};
			name = Debug;
		};
		586119491F42E4E200F03CBE /* Release */ = {
			isa = XCBuildConfiguration;
			buildSettings = {
				ASSETCATALOG_COMPILER_APPICON_NAME = AppIcon;
				"CODE_SIGN_IDENTITY[sdk=iphoneos*]" = "iPhone Developer";
				INFOPLIST_FILE = RunLoopObserver/Info.plist;
				IPHONEOS_DEPLOYMENT_TARGET = 10.3;
				LD_RUNPATH_SEARCH_PATHS = "$(inherited) @executable_path/Frameworks";
				PRODUCT_BUNDLE_IDENTIFIER = com.tenneshop.RunLoopObserver;
				PRODUCT_NAME = "$(TARGET_NAME)";
				SDKROOT = iphoneos;
				VALIDATE_PRODUCT = YES;
			};
			name = Release;
		};
		586119631F42E4F200F03CBE /* Debug */ = {
			isa = XCBuildConfiguration;
			buildSettings = {
				ASSETCATALOG_COMPILER_APPICON_NAME = AppIcon;
				"CODE_SIGN_IDENTITY[sdk=iphoneos*]" = "iPhone Developer";
				INFOPLIST_FILE = CustomInputSource/Info.plist;
				IPHONEOS_DEPLOYMENT_TARGET = 10.3;
				LD_RUNPATH_SEARCH_PATHS = "$(inherited) @executable_path/Frameworks";
				PRODUCT_BUNDLE_IDENTIFIER = com.tenneshop.CustomInputSource;
				PRODUCT_NAME = "$(TARGET_NAME)";
				SDKROOT = iphoneos;
			};
			name = Debug;
		};
		586119641F42E4F200F03CBE /* Release */ = {
			isa = XCBuildConfiguration;
			buildSettings = {
				ASSETCATALOG_COMPILER_APPICON_NAME = AppIcon;
				"CODE_SIGN_IDENTITY[sdk=iphoneos*]" = "iPhone Developer";
				INFOPLIST_FILE = CustomInputSource/Info.plist;
				IPHONEOS_DEPLOYMENT_TARGET = 10.3;
				LD_RUNPATH_SEARCH_PATHS = "$(inherited) @executable_path/Frameworks";
				PRODUCT_BUNDLE_IDENTIFIER = com.tenneshop.CustomInputSource;
				PRODUCT_NAME = "$(TARGET_NAME)";
				SDKROOT = iphoneos;
				VALIDATE_PRODUCT = YES;
			};
			name = Release;
		};
/* End XCBuildConfiguration section */

/* Begin XCConfigurationList section */
		582E999B1EB834F900F07587 /* Build configuration list for PBXProject "Thread_Samples" */ = {
			isa = XCConfigurationList;
			buildConfigurations = (
				582E99A51EB834F900F07587 /* Debug */,
				582E99A61EB834F900F07587 /* Release */,
			);
			defaultConfigurationIsVisible = 0;
			defaultConfigurationName = Release;
		};
		582E99A71EB834F900F07587 /* Build configuration list for PBXNativeTarget "Define-Custom-Input-Source" */ = {
			isa = XCConfigurationList;
			buildConfigurations = (
				582E99A81EB834F900F07587 /* Debug */,
				582E99A91EB834F900F07587 /* Release */,
			);
			defaultConfigurationIsVisible = 0;
			defaultConfigurationName = Release;
		};
		582E99B71EB8646600F07587 /* Build configuration list for PBXNativeTarget "Configuring-an-NSMachPort-Object" */ = {
			isa = XCConfigurationList;
			buildConfigurations = (
				582E99B81EB8646600F07587 /* Debug */,
				582E99B91EB8646600F07587 /* Release */,
			);
			defaultConfigurationIsVisible = 0;
			defaultConfigurationName = Release;
		};
		586119471F42E4E200F03CBE /* Build configuration list for PBXNativeTarget "RunLoopObserver" */ = {
			isa = XCConfigurationList;
			buildConfigurations = (
				586119481F42E4E200F03CBE /* Debug */,
				586119491F42E4E200F03CBE /* Release */,
			);
			defaultConfigurationIsVisible = 0;
		};
		586119621F42E4F200F03CBE /* Build configuration list for PBXNativeTarget "CustomInputSource" */ = {
			isa = XCConfigurationList;
			buildConfigurations = (
				586119631F42E4F200F03CBE /* Debug */,
				586119641F42E4F200F03CBE /* Release */,
			);
			defaultConfigurationIsVisible = 0;
		};
/* End XCConfigurationList section */
	};
	rootObject = 582E99981EB834F800F07587 /* Project object */;
}
